
Microsoft Visual Studio Solution File, Format Version 12.00
# Visual Studio Version 16
VisualStudioVersion = 16.0.30717.126
MinimumVisualStudioVersion = 10.0.40219.1
Project("{FAE04EC0-301F-11D3-BF4B-00C04F79EFBC}") = "TiendaVirtual_ETS", "TiendaVirtual_ETS\TiendaVirtual_ETS.csproj", "{29D1A910-74E6-4A25-B14E-FBDB7EA653B8}"
EndProject
Project("{FAE04EC0-301F-11D3-BF4B-00C04F79EFBC}") = "TiendaVirtual_ETS.Tests", "TiendaVirtual_ETS.Tests\TiendaVirtual_ETS.Tests.csproj", "{B5BD2914-21CB-4299-A711-5E149E663797}"
EndProject
Global
	GlobalSection(SolutionConfigurationPlatforms) = preSolution
		Debug|Any CPU = Debug|Any CPU
		Release|Any CPU = Release|Any CPU
	EndGlobalSection
	GlobalSection(ProjectConfigurationPlatforms) = postSolution
		{29D1A910-74E6-4A25-B14E-FBDB7EA653B8}.Debug|Any CPU.ActiveCfg = Debug|Any CPU
		{29D1A910-74E6-4A25-B14E-FBDB7EA653B8}.Debug|Any CPU.Build.0 = Debug|Any CPU
		{29D1A910-74E6-4A25-B14E-FBDB7EA653B8}.Release|Any CPU.ActiveCfg = Release|Any CPU
		{29D1A910-74E6-4A25-B14E-FBDB7EA653B8}.Release|Any CPU.Build.0 = Release|Any CPU
		{B5BD2914-21CB-4299-A711-5E149E663797}.Debug|Any CPU.ActiveCfg = Debug|Any CPU
		{B5BD2914-21CB-4299-A711-5E149E663797}.Debug|Any CPU.Build.0 = Debug|Any CPU
		{B5BD2914-21CB-4299-A711-5E149E663797}.Release|Any CPU.ActiveCfg = Release|Any CPU
		{B5BD2914-21CB-4299-A711-5E149E663797}.Release|Any CPU.Build.0 = Release|Any CPU
	EndGlobalSection
	GlobalSection(SolutionProperties) = preSolution
		HideSolutionNode = FALSE
	EndGlobalSection
	GlobalSection(ExtensibilityGlobals) = postSolution
		SolutionGuid = {E07839FC-9DD0-4052-AC9D-4B427F5FE61F}
	EndGlobalSection
EndGlobal
